{
  "name": "code",
  "version": "1.0.0",
  "lockfileVersion": 1,
  "requires": true,
  "dependencies": {
    "acorn": {
      "version": "6.2.1",
      "resolved": "https://registry.npmjs.org/acorn/-/acorn-6.2.1.tgz",
      "integrity": "sha512-JD0xT5FCRDNyjDda3Lrg/IxFscp9q4tiYtxE1/nOzlKCk7hIRuYjhq1kCNkbPjMRMZuFq20HNQn1I9k8Oj0E+Q=="
    },
    "acorn-dynamic-import": {
      "version": "4.0.0",
      "resolved": "https://registry.npmjs.org/acorn-dynamic-import/-/acorn-dynamic-import-4.0.0.tgz",
      "integrity": "sha512-d3OEjQV4ROpoflsnUA8HozoIR504TFxNivYEUi6uwz0IYhBkTDXGuWlNdMtybRt3nqVx/L6XqMt0FxkXuWKZhw=="
    },
    "acorn-node": {
      "version": "1.7.0",
      "resolved": "https://registry.npmjs.org/acorn-node/-/acorn-node-1.7.0.tgz",
      "integrity": "sha512-XhahLSsCB6X6CJbe+uNu3Mn9sJBNFxtBN9NLgAOQovfS6Kh0lDUtmlclhjn9CvEK7A7YyRU13PXlNcpSiLI9Yw==",
      "requires": {
        "acorn": "6.2.1",
        "acorn-dynamic-import": "4.0.0",
        "acorn-walk": "6.2.0",
        "xtend": "4.0.2"
      }
    },
    "acorn-walk": {
      "version": "6.2.0",
      "resolved": "https://registry.npmjs.org/acorn-walk/-/acorn-walk-6.2.0.tgz",
      "integrity": "sha512-7evsyfH1cLOCdAzZAd43Cic04yKydNx0cF+7tiA19p1XnLLPU4dpCQOqpjqwokFe//vS0QqfqqjCS2JkiIs0cA=="
    },
    "defined": {
      "version": "1.0.0",
      "resolved": "https://registry.npmjs.org/defined/-/defined-1.0.0.tgz",
      "integrity": "sha1-yY2bzvdWdBiOEQlpFRGZ45sfppM="
    },
    "detective": {
      "version": "5.2.0",
      "resolved": "https://registry.npmjs.org/detective/-/detective-5.2.0.tgz",
      "integrity": "sha512-6SsIx+nUUbuK0EthKjv0zrdnajCCXVYGmbYYiYjFVpzcjwEs/JMDZ8tPRG29J/HhN56t3GJp2cGSWDRjjot8Pg==",
      "requires": {
        "acorn-node": "1.7.0",
        "defined": "1.0.0",
        "minimist": "1.2.0"
      }
    },
    "minimist": {
      "version": "1.2.0",
      "resolved": "https://registry.npmjs.org/minimist/-/minimist-1.2.0.tgz",
      "integrity": "sha512-7Wl+Jz+IGWuSdgsQEJ4JunV0si/iMhg42MnQQG6h1R6TNeVenp4U9x5CC5v/gYqz/fENLQITAWXidNtVL0NNbw=="
    },
    "path-parse": {
      "version": "1.0.6",
      "resolved": "https://registry.npmjs.org/path-parse/-/path-parse-1.0.6.tgz",
      "integrity": "sha512-GSmOT2EbHrINBf9SR7CDELwlJ8AENk3Qn7OikK4nFYAu3Ote2+JYNVvkpAEQm3/TLNEJFD/xZJjzyxg3KBWOzw=="
    },
    "resolve": {
      "version": "1.11.1",
      "resolved": "https://registry.npmjs.org/resolve/-/resolve-1.11.1.tgz",
      "integrity": "sha512-vIpgF6wfuJOZI7KKKSP+HmiKggadPQAdsp5HiC1mvqnfp0gF1vdwgBWZIdrVft9pgqoMFQN+R7BSWZiBxx+BBw==",
      "requires": {
        "path-parse": "1.0.6"
      }
    },
    "xtend": {
      "version": "4.0.2",
      "resolved": "https://registry.npmjs.org/xtend/-/xtend-4.0.2.tgz",
      "integrity": "sha512-LKYU1iAXJXUgAXn9URjiu+MWhyUXHsvfp7mcuYm9dSUKK0/CjtrUwFAxD82/mCWbtLsGjFIad0wIsod4zrTAEQ=="
    }
  }
}
